
Microsoft Visual Studio Solution File, Format Version 12.00
# Visual Studio Version 17
VisualStudioVersion = 17.5.002.0
MinimumVisualStudioVersion = 10.0.40219.1
Project("{9A19103F-16F7-4668-BE54-9A1E7A4F7556}") = "miniGames", "miniGames.csproj", "{1FF641D0-927F-4FFB-8D5E-4994AE7DBBC2}"
EndProject
Global
	GlobalSection(SolutionConfigurationPlatforms) = preSolution
		Debug|Any CPU = Debug|Any CPU
		Release|Any CPU = Release|Any CPU
	EndGlobalSection
	GlobalSection(ProjectConfigurationPlatforms) = postSolution
		{1FF641D0-927F-4FFB-8D5E-4994AE7DBBC2}.Debug|Any CPU.ActiveCfg = Debug|Any CPU
		{1FF641D0-927F-4FFB-8D5E-4994AE7DBBC2}.Debug|Any CPU.Build.0 = Debug|Any CPU
		{1FF641D0-927F-4FFB-8D5E-4994AE7DBBC2}.Release|Any CPU.ActiveCfg = Release|Any CPU
		{1FF641D0-927F-4FFB-8D5E-4994AE7DBBC2}.Release|Any CPU.Build.0 = Release|Any CPU
	EndGlobalSection
	GlobalSection(SolutionProperties) = preSolution
		HideSolutionNode = FALSE
	EndGlobalSection
	GlobalSection(ExtensibilityGlobals) = postSolution
		SolutionGuid = {AE8811CD-A762-4A4B-9AA8-2C4E863DB9CA}
	EndGlobalSection
EndGlobal
